// !$*UTF8*$!
{
	archiveVersion = 1;
	classes = {
	};
	objectVersion = 50;
	objects = {

/* Begin PBXBuildFile section */
		B91624C025C21DFB000D707C /* AppDelegate.swift in Sources */ = {isa = PBXBuildFile; fileRef = B91624BF25C21DFB000D707C /* AppDelegate.swift */; };
		B91624C225C21DFB000D707C /* SceneDelegate.swift in Sources */ = {isa = PBXBuildFile; fileRef = B91624C125C21DFB000D707C /* SceneDelegate.swift */; };
		B91624C425C21DFB000D707C /* GameViewController.swift in Sources */ = {isa = PBXBuildFile; fileRef = B91624C325C21DFB000D707C /* GameViewController.swift */; };
		B91624C725C21DFB000D707C /* Main.storyboard in Resources */ = {isa = PBXBuildFile; fileRef = B91624C525C21DFB000D707C /* Main.storyboard */; };
		B91624C925C21E06000D707C /* Assets.xcassets in Resources */ = {isa = PBXBuildFile; fileRef = B91624C825C21E06000D707C /* Assets.xcassets */; };
		B91624CC25C21E06000D707C /* LaunchScreen.storyboard in Resources */ = {isa = PBXBuildFile; fileRef = B91624CA25C21E06000D707C /* LaunchScreen.storyboard */; };
		B91624D725C21E06000D707C /* Add1Tests.swift in Sources */ = {isa = PBXBuildFile; fileRef = B91624D625C21E06000D707C /* Add1Tests.swift */; };
		B91624E225C21E06000D707C /* Add1UITests.swift in Sources */ = {isa = PBXBuildFile; fileRef = B91624E125C21E06000D707C /* Add1UITests.swift */; };
		B91624FD25C22DC4000D707C /* String.swift in Sources */ = {isa = PBXBuildFile; fileRef = B91624FC25C22DC4000D707C /* String.swift */; };
/* End PBXBuildFile section */

/* Begin PBXContainerItemProxy section */
		B91624D325C21E06000D707C /* PBXContainerItemProxy */ = {
			isa = PBXContainerItemProxy;
			containerPortal = B91624B425C21DFB000D707C /* Project object */;
			proxyType = 1;
			remoteGlobalIDString = B91624BB25C21DFB000D707C;
			remoteInfo = Add1;
		};
		B91624DE25C21E06000D707C /* PBXContainerItemProxy */ = {
			isa = PBXContainerItemProxy;
			containerPortal = B91624B425C21DFB000D707C /* Project object */;
			proxyType = 1;
			remoteGlobalIDString = B91624BB25C21DFB000D707C;
			remoteInfo = Add1;
		};
/* End PBXContainerItemProxy section */

/* Begin PBXFileReference section */
		B91624BC25C21DFB000D707C /* Add1.app */ = {isa = PBXFileReference; explicitFileType = wrapper.application; includeInIndex = 0; path = Add1.app; sourceTree = BUILT_PRODUCTS_DIR; };
		B91624BF25C21DFB000D707C /* AppDelegate.swift */ = {isa = PBXFileReference; lastKnownFileType = sourcecode.swift; path = AppDelegate.swift; sourceTree = "<group>"; };
		B91624C125C21DFB000D707C /* SceneDelegate.swift */ = {isa = PBXFileReference; lastKnownFileType = sourcecode.swift; path = SceneDelegate.swift; sourceTree = "<group>"; };
		B91624C325C21DFB000D707C /* GameViewController.swift */ = {isa = PBXFileReference; lastKnownFileType = sourcecode.swift; path = GameViewController.swift; sourceTree = "<group>"; };
		B91624C625C21DFB000D707C /* Base */ = {isa = PBXFileReference; lastKnownFileType = file.storyboard; name = Base; path = Base.lproj/Main.storyboard; sourceTree = "<group>"; };
		B91624C825C21E06000D707C /* Assets.xcassets */ = {isa = PBXFileReference; lastKnownFileType = folder.assetcatalog; path = Assets.xcassets; sourceTree = "<group>"; };
		B91624CB25C21E06000D707C /* Base */ = {isa = PBXFileReference; lastKnownFileType = file.storyboard; name = Base; path = Base.lproj/LaunchScreen.storyboard; sourceTree = "<group>"; };
		B91624CD25C21E06000D707C /* Info.plist */ = {isa = PBXFileReference; lastKnownFileType = text.plist.xml; path = Info.plist; sourceTree = "<group>"; };
		B91624D225C21E06000D707C /* Add1Tests.xctest */ = {isa = PBXFileReference; explicitFileType = wrapper.cfbundle; includeInIndex = 0; path = Add1Tests.xctest; sourceTree = BUILT_PRODUCTS_DIR; };
		B91624D625C21E06000D707C /* Add1Tests.swift */ = {isa = PBXFileReference; lastKnownFileType = sourcecode.swift; path = Add1Tests.swift; sourceTree = "<group>"; };
		B91624D825C21E06000D707C /* Info.plist */ = {isa = PBXFileReference; lastKnownFileType = text.plist.xml; path = Info.plist; sourceTree = "<group>"; };
		B91624DD25C21E06000D707C /* Add1UITests.xctest */ = {isa = PBXFileReference; explicitFileType = wrapper.cfbundle; includeInIndex = 0; path = Add1UITests.xctest; sourceTree = BUILT_PRODUCTS_DIR; };
		B91624E125C21E06000D707C /* Add1UITests.swift */ = {isa = PBXFileReference; lastKnownFileType = sourcecode.swift; path = Add1UITests.swift; sourceTree = "<group>"; };
		B91624E325C21E06000D707C /* Info.plist */ = {isa = PBXFileReference; lastKnownFileType = text.plist.xml; path = Info.plist; sourceTree = "<group>"; };
		B91624F825C222D6000D707C /* HVD_Comic_Serif_Pro.otf */ = {isa = PBXFileReference; lastKnownFileType = file; path = HVD_Comic_Serif_Pro.otf; sourceTree = "<group>"; };
		B91624FC25C22DC4000D707C /* String.swift */ = {isa = PBXFileReference; lastKnownFileType = sourcecode.swift; path = String.swift; sourceTree = "<group>"; };
/* End PBXFileReference section */

/* Begin PBXFrameworksBuildPhase section */
		B91624B925C21DFB000D707C /* Frameworks */ = {
			isa = PBXFrameworksBuildPhase;
			buildActionMask = 2147483647;
			files = (
			);
			runOnlyForDeploymentPostprocessing = 0;
		};
		B91624CF25C21E06000D707C /* Frameworks */ = {
			isa = PBXFrameworksBuildPhase;
			buildActionMask = 2147483647;
			files = (
			);
			runOnlyForDeploymentPostprocessing = 0;
		};
		B91624DA25C21E06000D707C /* Frameworks */ = {
			isa = PBXFrameworksBuildPhase;
			buildActionMask = 2147483647;
			files = (
			);
			runOnlyForDeploymentPostprocessing = 0;
		};
/* End PBXFrameworksBuildPhase section */

/* Begin PBXGroup section */
		B91624B325C21DFB000D707C = {
			isa = PBXGroup;
			children = (
				B91624BE25C21DFB000D707C /* Add1 */,
				B91624D525C21E06000D707C /* Add1Tests */,
				B91624E025C21E06000D707C /* Add1UITests */,
				B91624BD25C21DFB000D707C /* Products */,
			);
			sourceTree = "<group>";
		};
		B91624BD25C21DFB000D707C /* Products */ = {
			isa = PBXGroup;
			children = (
				B91624BC25C21DFB000D707C /* Add1.app */,
				B91624D225C21E06000D707C /* Add1Tests.xctest */,
				B91624DD25C21E06000D707C /* Add1UITests.xctest */,
			);
			name = Products;
			sourceTree = "<group>";
		};
		B91624BE25C21DFB000D707C /* Add1 */ = {
			isa = PBXGroup;
			children = (
				B91624BF25C21DFB000D707C /* AppDelegate.swift */,
				B91624C125C21DFB000D707C /* SceneDelegate.swift */,
				B91624C325C21DFB000D707C /* GameViewController.swift */,
				B91624C525C21DFB000D707C /* Main.storyboard */,
				B91624C825C21E06000D707C /* Assets.xcassets */,
				B91624CA25C21E06000D707C /* LaunchScreen.storyboard */,
				B91624CD25C21E06000D707C /* Info.plist */,
				B91624F825C222D6000D707C /* HVD_Comic_Serif_Pro.otf */,
				B91624FC25C22DC4000D707C /* String.swift */,
			);
			path = Add1;
			sourceTree = "<group>";
		};
		B91624D525C21E06000D707C /* Add1Tests */ = {
			isa = PBXGroup;
			children = (
				B91624D625C21E06000D707C /* Add1Tests.swift */,
				B91624D825C21E06000D707C /* Info.plist */,
			);
			path = Add1Tests;
			sourceTree = "<group>";
		};
		B91624E025C21E06000D707C /* Add1UITests */ = {
			isa = PBXGroup;
			children = (
				B91624E125C21E06000D707C /* Add1UITests.swift */,
				B91624E325C21E06000D707C /* Info.plist */,
			);
			path = Add1UITests;
			sourceTree = "<group>";
		};
/* End PBXGroup section */

/* Begin PBXNativeTarget section */
		B91624BB25C21DFB000D707C /* Add1 */ = {
			isa = PBXNativeTarget;
			buildConfigurationList = B91624E625C21E06000D707C /* Build configuration list for PBXNativeTarget "Add1" */;
			buildPhases = (
				B91624B825C21DFB000D707C /* Sources */,
				B91624B925C21DFB000D707C /* Frameworks */,
				B91624BA25C21DFB000D707C /* Resources */,
			);
			buildRules = (
			);
			dependencies = (
			);
			name = Add1;
			productName = Add1;
			productReference = B91624BC25C21DFB000D707C /* Add1.app */;
			productType = "com.apple.product-type.application";
		};
		B91624D125C21E06000D707C /* Add1Tests */ = {
			isa = PBXNativeTarget;
			buildConfigurationList = B91624E925C21E06000D707C /* Build configuration list for PBXNativeTarget "Add1Tests" */;
			buildPhases = (
				B91624CE25C21E06000D707C /* Sources */,
				B91624CF25C21E06000D707C /* Frameworks */,
				B91624D025C21E06000D707C /* Resources */,
			);
			buildRules = (
			);
			dependencies = (
				B91624D425C21E06000D707C /* PBXTargetDependency */,
			);
			name = Add1Tests;
			productName = Add1Tests;
			productReference = B91624D225C21E06000D707C /* Add1Tests.xctest */;
			productType = "com.apple.product-type.bundle.unit-test";
		};
		B91624DC25C21E06000D707C /* Add1UITests */ = {
			isa = PBXNativeTarget;
			buildConfigurationList = B91624EC25C21E06000D707C /* Build configuration list for PBXNativeTarget "Add1UITests" */;
			buildPhases = (
				B91624D925C21E06000D707C /* Sources */,
				B91624DA25C21E06000D707C /* Frameworks */,
				B91624DB25C21E06000D707C /* Resources */,
			);
			buildRules = (
			);
			dependencies = (
				B91624DF25C21E06000D707C /* PBXTargetDependency */,
			);
			name = Add1UITests;
			productName = Add1UITests;
			productReference = B91624DD25C21E06000D707C /* Add1UITests.xctest */;
			productType = "com.apple.product-type.bundle.ui-testing";
		};
/* End PBXNativeTarget section */

/* Begin PBXProject section */
		B91624B425C21DFB000D707C /* Project object */ = {
			isa = PBXProject;
			attributes = {
				LastSwiftUpdateCheck = 1240;
				LastUpgradeCheck = 1240;
				TargetAttributes = {
					B91624BB25C21DFB000D707C = {
						CreatedOnToolsVersion = 12.4;
					};
					B91624D125C21E06000D707C = {
						CreatedOnToolsVersion = 12.4;
						TestTargetID = B91624BB25C21DFB000D707C;
					};
					B91624DC25C21E06000D707C = {
						CreatedOnToolsVersion = 12.4;
						TestTargetID = B91624BB25C21DFB000D707C;
					};
				};
			};
			buildConfigurationList = B91624B725C21DFB000D707C /* Build configuration list for PBXProject "Add1" */;
			compatibilityVersion = "Xcode 9.3";
			developmentRegion = en;
			hasScannedForEncodings = 0;
			knownRegions = (
				en,
				Base,
			);
			mainGroup = B91624B325C21DFB000D707C;
			productRefGroup = B91624BD25C21DFB000D707C /* Products */;
			projectDirPath = "";
			projectRoot = "";
			targets = (
				B91624BB25C21DFB000D707C /* Add1 */,
				B91624D125C21E06000D707C /* Add1Tests */,
				B91624DC25C21E06000D707C /* Add1UITests */,
			);
		};
/* End PBXProject section */

/* Begin PBXResourcesBuildPhase section */
		B91624BA25C21DFB000D707C /* Resources */ = {
			isa = PBXResourcesBuildPhase;
			buildActionMask = 2147483647;
			files = (
				B91624CC25C21E06000D707C /* LaunchScreen.storyboard in Resources */,
				B91624C925C21E06000D707C /* Assets.xcassets in Resources */,
				B91624C725C21DFB000D707C /* Main.storyboard in Resources */,
			);
			runOnlyForDeploymentPostprocessing = 0;
		};
		B91624D025C21E06000D707C /* Resources */ = {
			isa = PBXResourcesBuildPhase;
			buildActionMask = 2147483647;
			files = (
			);
			runOnlyForDeploymentPostprocessing = 0;
		};
		B91624DB25C21E06000D707C /* Resources */ = {
			isa = PBXResourcesBuildPhase;
			buildActionMask = 2147483647;
			files = (
			);
			runOnlyForDeploymentPostprocessing = 0;
		};
/* End PBXResourcesBuildPhase section */

/* Begin PBXSourcesBuildPhase section */
		B91624B825C21DFB000D707C /* Sources */ = {
			isa = PBXSourcesBuildPhase;
			buildActionMask = 2147483647;
			files = (
				B91624C425C21DFB000D707C /* GameViewController.swift in Sources */,
				B91624C025C21DFB000D707C /* AppDelegate.swift in Sources */,
				B91624FD25C22DC4000D707C /* String.swift in Sources */,
				B91624C225C21DFB000D707C /* SceneDelegate.swift in Sources */,
			);
			runOnlyForDeploymentPostprocessing = 0;
		};
		B91624CE25C21E06000D707C /* Sources */ = {
			isa = PBXSourcesBuildPhase;
			buildActionMask = 2147483647;
			files = (
				B91624D725C21E06000D707C /* Add1Tests.swift in Sources */,
			);
			runOnlyForDeploymentPostprocessing = 0;
		};
		B91624D925C21E06000D707C /* Sources */ = {
			isa = PBXSourcesBuildPhase;
			buildActionMask = 2147483647;
			files = (
				B91624E225C21E06000D707C /* Add1UITests.swift in Sources */,
			);
			runOnlyForDeploymentPostprocessing = 0;
		};
/* End PBXSourcesBuildPhase section */

/* Begin PBXTargetDependency section */
		B91624D425C21E06000D707C /* PBXTargetDependency */ = {
			isa = PBXTargetDependency;
			target = B91624BB25C21DFB000D707C /* Add1 */;
			targetProxy = B91624D325C21E06000D707C /* PBXContainerItemProxy */;
		};
		B91624DF25C21E06000D707C /* PBXTargetDependency */ = {
			isa = PBXTargetDependency;
			target = B91624BB25C21DFB000D707C /* Add1 */;
			targetProxy = B91624DE25C21E06000D707C /* PBXContainerItemProxy */;
		};
/* End PBXTargetDependency section */

/* Begin PBXVariantGroup section */
		B91624C525C21DFB000D707C /* Main.storyboard */ = {
			isa = PBXVariantGroup;
			children = (
				B91624C625C21DFB000D707C /* Base */,
			);
			name = Main.storyboard;
			sourceTree = "<group>";
		};
		B91624CA25C21E06000D707C /* LaunchScreen.storyboard */ = {
			isa = PBXVariantGroup;
			children = (
				B91624CB25C21E06000D707C /* Base */,
			);
			name = LaunchScreen.storyboard;
			sourceTree = "<group>";
		};
/* End PBXVariantGroup section */

/* Begin XCBuildConfiguration section */
		B91624E425C21E06000D707C /* Debug */ = {
			isa = XCBuildConfiguration;
			buildSettings = {
				ALWAYS_SEARCH_USER_PATHS = NO;
				CLANG_ANALYZER_NONNULL = YES;
				CLANG_ANALYZER_NUMBER_OBJECT_CONVERSION = YES_AGGRESSIVE;
				CLANG_CXX_LANGUAGE_STANDARD = "gnu++14";
				CLANG_CXX_LIBRARY = "libc++";
				CLANG_ENABLE_MODULES = YES;
				CLANG_ENABLE_OBJC_ARC = YES;
				CLANG_ENABLE_OBJC_WEAK = YES;
				CLANG_WARN_BLOCK_CAPTURE_AUTORELEASING = YES;
				CLANG_WARN_BOOL_CONVERSION = YES;
				CLANG_WARN_COMMA = YES;
				CLANG_WARN_CONSTANT_CONVERSION = YES;
				CLANG_WARN_DEPRECATED_OBJC_IMPLEMENTATIONS = YES;
				CLANG_WARN_DIRECT_OBJC_ISA_USAGE = YES_ERROR;
				CLANG_WARN_DOCUMENTATION_COMMENTS = YES;
				CLANG_WARN_EMPTY_BODY = YES;
				CLANG_WARN_ENUM_CONVERSION = YES;
				CLANG_WARN_INFINITE_RECURSION = YES;
				CLANG_WARN_INT_CONVERSION = YES;
				CLANG_WARN_NON_LITERAL_NULL_CONVERSION = YES;
				CLANG_WARN_OBJC_IMPLICIT_RETAIN_SELF = YES;
				CLANG_WARN_OBJC_LITERAL_CONVERSION = YES;
				CLANG_WARN_OBJC_ROOT_CLASS = YES_ERROR;
				CLANG_WARN_QUOTED_INCLUDE_IN_FRAMEWORK_HEADER = YES;
				CLANG_WARN_RANGE_LOOP_ANALYSIS = YES;
				CLANG_WARN_STRICT_PROTOTYPES = YES;
				CLANG_WARN_SUSPICIOUS_MOVE = YES;
				CLANG_WARN_UNGUARDED_AVAILABILITY = YES_AGGRESSIVE;
				CLANG_WARN_UNREACHABLE_CODE = YES;
				CLANG_WARN__DUPLICATE_METHOD_MATCH = YES;
				COPY_PHASE_STRIP = NO;
				DEBUG_INFORMATION_FORMAT = dwarf;
				ENABLE_STRICT_OBJC_MSGSEND = YES;
				ENABLE_TESTABILITY = YES;
				GCC_C_LANGUAGE_STANDARD = gnu11;
				GCC_DYNAMIC_NO_PIC = NO;
				GCC_NO_COMMON_BLOCKS = YES;
				GCC_OPTIMIZATION_LEVEL = 0;
				GCC_PREPROCESSOR_DEFINITIONS = (
					"DEBUG=1",
					"$(inherited)",
				);
				GCC_WARN_64_TO_32_BIT_CONVERSION = YES;
				GCC_WARN_ABOUT_RETURN_TYPE = YES_ERROR;
				GCC_WARN_UNDECLARED_SELECTOR = YES;
				GCC_WARN_UNINITIALIZED_AUTOS = YES_AGGRESSIVE;
				GCC_WARN_UNUSED_FUNCTION = YES;
				GCC_WARN_UNUSED_VARIABLE = YES;
				IPHONEOS_DEPLOYMENT_TARGET = 14.4;
				MTL_ENABLE_DEBUG_INFO = INCLUDE_SOURCE;
				MTL_FAST_MATH = YES;
				ONLY_ACTIVE_ARCH = YES;
				SDKROOT = iphoneos;
				SWIFT_ACTIVE_COMPILATION_CONDITIONS = DEBUG;
				SWIFT_OPTIMIZATION_LEVEL = "-Onone";
			};
			name = Debug;
		};
		B91624E525C21E06000D707C /* Release */ = {
			isa = XCBuildConfiguration;
			buildSettings = {
				ALWAYS_SEARCH_USER_PATHS = NO;
				CLANG_ANALYZER_NONNULL = YES;
				CLANG_ANALYZER_NUMBER_OBJECT_CONVERSION = YES_AGGRESSIVE;
				CLANG_CXX_LANGUAGE_STANDARD = "gnu++14";
				CLANG_CXX_LIBRARY = "libc++";
				CLANG_ENABLE_MODULES = YES;
				CLANG_ENABLE_OBJC_ARC = YES;
				CLANG_ENABLE_OBJC_WEAK = YES;
				CLANG_WARN_BLOCK_CAPTURE_AUTORELEASING = YES;
				CLANG_WARN_BOOL_CONVERSION = YES;
				CLANG_WARN_COMMA = YES;
				CLANG_WARN_CONSTANT_CONVERSION = YES;
				CLANG_WARN_DEPRECATED_OBJC_IMPLEMENTATIONS = YES;
				CLANG_WARN_DIRECT_OBJC_ISA_USAGE = YES_ERROR;
				CLANG_WARN_DOCUMENTATION_COMMENTS = YES;
				CLANG_WARN_EMPTY_BODY = YES;
				CLANG_WARN_ENUM_CONVERSION = YES;
				CLANG_WARN_INFINITE_RECURSION = YES;
				CLANG_WARN_INT_CONVERSION = YES;
				CLANG_WARN_NON_LITERAL_NULL_CONVERSION = YES;
				CLANG_WARN_OBJC_IMPLICIT_RETAIN_SELF = YES;
				CLANG_WARN_OBJC_LITERAL_CONVERSION = YES;
				CLANG_WARN_OBJC_ROOT_CLASS = YES_ERROR;
				CLANG_WARN_QUOTED_INCLUDE_IN_FRAMEWORK_HEADER = YES;
				CLANG_WARN_RANGE_LOOP_ANALYSIS = YES;
				CLANG_WARN_STRICT_PROTOTYPES = YES;
				CLANG_WARN_SUSPICIOUS_MOVE = YES;
				CLANG_WARN_UNGUARDED_AVAILABILITY = YES_AGGRESSIVE;
				CLANG_WARN_UNREACHABLE_CODE = YES;
				CLANG_WARN__DUPLICATE_METHOD_MATCH = YES;
				COPY_PHASE_STRIP = NO;
				DEBUG_INFORMATION_FORMAT = "dwarf-with-dsym";
				ENABLE_NS_ASSERTIONS = NO;
				ENABLE_STRICT_OBJC_MSGSEND = YES;
				GCC_C_LANGUAGE_STANDARD = gnu11;
				GCC_NO_COMMON_BLOCKS = YES;
				GCC_WARN_64_TO_32_BIT_CONVERSION = YES;
				GCC_WARN_ABOUT_RETURN_TYPE = YES_ERROR;
				GCC_WARN_UNDECLARED_SELECTOR = YES;
				GCC_WARN_UNINITIALIZED_AUTOS = YES_AGGRESSIVE;
				GCC_WARN_UNUSED_FUNCTION = YES;
				GCC_WARN_UNUSED_VARIABLE = YES;
				IPHONEOS_DEPLOYMENT_TARGET = 14.4;
				MTL_ENABLE_DEBUG_INFO = NO;
				MTL_FAST_MATH = YES;
				SDKROOT = iphoneos;
				SWIFT_COMPILATION_MODE = wholemodule;
				SWIFT_OPTIMIZATION_LEVEL = "-O";
				VALIDATE_PRODUCT = YES;
			};
			name = Release;
		};
		B91624E725C21E06000D707C /* Debug */ = {
			isa = XCBuildConfiguration;
			buildSettings = {
				ASSETCATALOG_COMPILER_APPICON_NAME = AppIcon;
				ASSETCATALOG_COMPILER_GLOBAL_ACCENT_COLOR_NAME = AccentColor;
				CODE_SIGN_STYLE = Automatic;
				INFOPLIST_FILE = Add1/Info.plist;
				LD_RUNPATH_SEARCH_PATHS = (
					"$(inherited)",
					"@executable_path/Frameworks",
				);
				PRODUCT_BUNDLE_IDENTIFIER = com.tylorschafer.Add1;
				PRODUCT_NAME = "$(TARGET_NAME)";
				SWIFT_VERSION = 5.0;
				TARGETED_DEVICE_FAMILY = "1,2";
			};
			name = Debug;
		};
		B91624E825C21E06000D707C /* Release */ = {
			isa = XCBuildConfiguration;
			buildSettings = {
				ASSETCATALOG_COMPILER_APPICON_NAME = AppIcon;
				ASSETCATALOG_COMPILER_GLOBAL_ACCENT_COLOR_NAME = AccentColor;
				CODE_SIGN_STYLE = Automatic;
				INFOPLIST_FILE = Add1/Info.plist;
				LD_RUNPATH_SEARCH_PATHS = (
					"$(inherited)",
					"@executable_path/Frameworks",
				);
				PRODUCT_BUNDLE_IDENTIFIER = com.tylorschafer.Add1;
				PRODUCT_NAME = "$(TARGET_NAME)";
				SWIFT_VERSION = 5.0;
				TARGETED_DEVICE_FAMILY = "1,2";
			};
			name = Release;
		};
		B91624EA25C21E06000D707C /* Debug */ = {
			isa = XCBuildConfiguration;
			buildSettings = {
				ALWAYS_EMBED_SWIFT_STANDARD_LIBRARIES = YES;
				BUNDLE_LOADER = "$(TEST_HOST)";
				CODE_SIGN_STYLE = Automatic;
				INFOPLIST_FILE = Add1Tests/Info.plist;
				IPHONEOS_DEPLOYMENT_TARGET = 14.4;
				LD_RUNPATH_SEARCH_PATHS = (
					"$(inherited)",
					"@executable_path/Frameworks",
					"@loader_path/Frameworks",
				);
				PRODUCT_BUNDLE_IDENTIFIER = com.tylorschafer.Add1Tests;
				PRODUCT_NAME = "$(TARGET_NAME)";
				SWIFT_VERSION = 5.0;
				TARGETED_DEVICE_FAMILY = "1,2";
				TEST_HOST = "$(BUILT_PRODUCTS_DIR)/Add1.app/Add1";
			};
			name = Debug;
		};
		B91624EB25C21E06000D707C /* Release */ = {
			isa = XCBuildConfiguration;
			buildSettings = {
				ALWAYS_EMBED_SWIFT_STANDARD_LIBRARIES = YES;
				BUNDLE_LOADER = "$(TEST_HOST)";
				CODE_SIGN_STYLE = Automatic;
				INFOPLIST_FILE = Add1Tests/Info.plist;
				IPHONEOS_DEPLOYMENT_TARGET = 14.4;
				LD_RUNPATH_SEARCH_PATHS = (
					"$(inherited)",
					"@executable_path/Frameworks",
					"@loader_path/Frameworks",
				);
				PRODUCT_BUNDLE_IDENTIFIER = com.tylorschafer.Add1Tests;
				PRODUCT_NAME = "$(TARGET_NAME)";
				SWIFT_VERSION = 5.0;
				TARGETED_DEVICE_FAMILY = "1,2";
				TEST_HOST = "$(BUILT_PRODUCTS_DIR)/Add1.app/Add1";
			};
			name = Release;
		};
		B91624ED25C21E06000D707C /* Debug */ = {
			isa = XCBuildConfiguration;
			buildSettings = {
				ALWAYS_EMBED_SWIFT_STANDARD_LIBRARIES = YES;
				CODE_SIGN_STYLE = Automatic;
				INFOPLIST_FILE = Add1UITests/Info.plist;
				LD_RUNPATH_SEARCH_PATHS = (
					"$(inherited)",
					"@executable_path/Frameworks",
					"@loader_path/Frameworks",
				);
				PRODUCT_BUNDLE_IDENTIFIER = com.tylorschafer.Add1UITests;
				PRODUCT_NAME = "$(TARGET_NAME)";
				SWIFT_VERSION = 5.0;
				TARGETED_DEVICE_FAMILY = "1,2";
				TEST_TARGET_NAME = Add1;
			};
			name = Debug;
		};
		B91624EE25C21E06000D707C /* Release */ = {
			isa = XCBuildConfiguration;
			buildSettings = {
				ALWAYS_EMBED_SWIFT_STANDARD_LIBRARIES = YES;
				CODE_SIGN_STYLE = Automatic;
				INFOPLIST_FILE = Add1UITests/Info.plist;
				LD_RUNPATH_SEARCH_PATHS = (
					"$(inherited)",
					"@executable_path/Frameworks",
					"@loader_path/Frameworks",
				);
				PRODUCT_BUNDLE_IDENTIFIER = com.tylorschafer.Add1UITests;
				PRODUCT_NAME = "$(TARGET_NAME)";
				SWIFT_VERSION = 5.0;
				TARGETED_DEVICE_FAMILY = "1,2";
				TEST_TARGET_NAME = Add1;
			};
			name = Release;
		};
/* End XCBuildConfiguration section */

/* Begin XCConfigurationList section */
		B91624B725C21DFB000D707C /* Build configuration list for PBXProject "Add1" */ = {
			isa = XCConfigurationList;
			buildConfigurations = (
				B91624E425C21E06000D707C /* Debug */,
				B91624E525C21E06000D707C /* Release */,
			);
			defaultConfigurationIsVisible = 0;
			defaultConfigurationName = Release;
		};
		B91624E625C21E06000D707C /* Build configuration list for PBXNativeTarget "Add1" */ = {
			isa = XCConfigurationList;
			buildConfigurations = (
				B91624E725C21E06000D707C /* Debug */,
				B91624E825C21E06000D707C /* Release */,
			);
			defaultConfigurationIsVisible = 0;
			defaultConfigurationName = Release;
		};
		B91624E925C21E06000D707C /* Build configuration list for PBXNativeTarget "Add1Tests" */ = {
			isa = XCConfigurationList;
			buildConfigurations = (
				B91624EA25C21E06000D707C /* Debug */,
				B91624EB25C21E06000D707C /* Release */,
			);
			defaultConfigurationIsVisible = 0;
			defaultConfigurationName = Release;
		};
		B91624EC25C21E06000D707C /* Build configuration list for PBXNativeTarget "Add1UITests" */ = {
			isa = XCConfigurationList;
			buildConfigurations = (
				B91624ED25C21E06000D707C /* Debug */,
				B91624EE25C21E06000D707C /* Release */,
			);
			defaultConfigurationIsVisible = 0;
			defaultConfigurationName = Release;
		};
/* End XCConfigurationList section */
	};
	rootObject = B91624B425C21DFB000D707C /* Project object */;
}
